
Microsoft Visual Studio Solution File, Format Version 12.00
Project("{FAE04EC0-301F-11D3-BF4B-00C04F79EFBC}") = "App1", "App1\App1\App1.csproj", "{7F561739-5B15-46BE-BDAB-45BCDFE63317}"
EndProject
Project("{FAE04EC0-301F-11D3-BF4B-00C04F79EFBC}") = "App1.Droid", "App1\App1.Droid\App1.Droid.csproj", "{D8B5321C-1600-4324-9054-28F7A8B386E0}"
EndProject
Global
	GlobalSection(SolutionConfigurationPlatforms) = preSolution
		Ad-Hoc|iPhone = Ad-Hoc|iPhone
		AppStore|iPhone = AppStore|iPhone
		Debug|Any CPU = Debug|Any CPU
		Debug|iPhone = Debug|iPhone
		Debug|iPhoneSimulator = Debug|iPhoneSimulator
		Release|Any CPU = Release|Any CPU
		Release|iPhone = Release|iPhone
		Release|iPhoneSimulator = Release|iPhoneSimulator
	EndGlobalSection
	GlobalSection(ProjectConfigurationPlatforms) = postSolution
		{7F561739-5B15-46BE-BDAB-45BCDFE63317}.Ad-Hoc|iPhone.ActiveCfg = Debug|Any CPU
		{7F561739-5B15-46BE-BDAB-45BCDFE63317}.Ad-Hoc|iPhone.Build.0 = Debug|Any CPU
		{7F561739-5B15-46BE-BDAB-45BCDFE63317}.AppStore|iPhone.ActiveCfg = Debug|Any CPU
		{7F561739-5B15-46BE-BDAB-45BCDFE63317}.AppStore|iPhone.Build.0 = Debug|Any CPU
		{7F561739-5B15-46BE-BDAB-45BCDFE63317}.Debug|Any CPU.ActiveCfg = Debug|Any CPU
		{7F561739-5B15-46BE-BDAB-45BCDFE63317}.Debug|Any CPU.Build.0 = Debug|Any CPU
		{7F561739-5B15-46BE-BDAB-45BCDFE63317}.Debug|iPhone.ActiveCfg = Debug|Any CPU
		{7F561739-5B15-46BE-BDAB-45BCDFE63317}.Debug|iPhone.Build.0 = Debug|Any CPU
		{7F561739-5B15-46BE-BDAB-45BCDFE63317}.Debug|iPhoneSimulator.ActiveCfg = Debug|Any CPU
		{7F561739-5B15-46BE-BDAB-45BCDFE63317}.Debug|iPhoneSimulator.Build.0 = Debug|Any CPU
		{7F561739-5B15-46BE-BDAB-45BCDFE63317}.Release|Any CPU.ActiveCfg = Release|Any CPU
		{7F561739-5B15-46BE-BDAB-45BCDFE63317}.Release|Any CPU.Build.0 = Release|Any CPU
		{7F561739-5B15-46BE-BDAB-45BCDFE63317}.Release|iPhone.ActiveCfg = Release|Any CPU
		{7F561739-5B15-46BE-BDAB-45BCDFE63317}.Release|iPhone.Build.0 = Release|Any CPU
		{7F561739-5B15-46BE-BDAB-45BCDFE63317}.Release|iPhoneSimulator.ActiveCfg = Release|Any CPU
		{7F561739-5B15-46BE-BDAB-45BCDFE63317}.Release|iPhoneSimulator.Build.0 = Release|Any CPU
		{D8B5321C-1600-4324-9054-28F7A8B386E0}.Ad-Hoc|iPhone.ActiveCfg = Debug|Any CPU
		{D8B5321C-1600-4324-9054-28F7A8B386E0}.Ad-Hoc|iPhone.Build.0 = Debug|Any CPU
		{D8B5321C-1600-4324-9054-28F7A8B386E0}.Ad-Hoc|iPhone.Deploy.0 = Debug|Any CPU
		{D8B5321C-1600-4324-9054-28F7A8B386E0}.AppStore|iPhone.ActiveCfg = Debug|Any CPU
		{D8B5321C-1600-4324-9054-28F7A8B386E0}.AppStore|iPhone.Build.0 = Debug|Any CPU
		{D8B5321C-1600-4324-9054-28F7A8B386E0}.AppStore|iPhone.Deploy.0 = Debug|Any CPU
		{D8B5321C-1600-4324-9054-28F7A8B386E0}.Debug|Any CPU.ActiveCfg = Debug|Any CPU
		{D8B5321C-1600-4324-9054-28F7A8B386E0}.Debug|Any CPU.Build.0 = Debug|Any CPU
		{D8B5321C-1600-4324-9054-28F7A8B386E0}.Debug|Any CPU.Deploy.0 = Debug|Any CPU
		{D8B5321C-1600-4324-9054-28F7A8B386E0}.Debug|iPhone.ActiveCfg = Debug|Any CPU
		{D8B5321C-1600-4324-9054-28F7A8B386E0}.Debug|iPhone.Build.0 = Debug|Any CPU
		{D8B5321C-1600-4324-9054-28F7A8B386E0}.Debug|iPhone.Deploy.0 = Debug|Any CPU
		{D8B5321C-1600-4324-9054-28F7A8B386E0}.Debug|iPhoneSimulator.ActiveCfg = Debug|Any CPU
		{D8B5321C-1600-4324-9054-28F7A8B386E0}.Debug|iPhoneSimulator.Build.0 = Debug|Any CPU
		{D8B5321C-1600-4324-9054-28F7A8B386E0}.Debug|iPhoneSimulator.Deploy.0 = Debug|Any CPU
		{D8B5321C-1600-4324-9054-28F7A8B386E0}.Release|Any CPU.ActiveCfg = Release|Any CPU
		{D8B5321C-1600-4324-9054-28F7A8B386E0}.Release|Any CPU.Build.0 = Release|Any CPU
		{D8B5321C-1600-4324-9054-28F7A8B386E0}.Release|Any CPU.Deploy.0 = Release|Any CPU
		{D8B5321C-1600-4324-9054-28F7A8B386E0}.Release|iPhone.ActiveCfg = Release|Any CPU
		{D8B5321C-1600-4324-9054-28F7A8B386E0}.Release|iPhone.Build.0 = Release|Any CPU
		{D8B5321C-1600-4324-9054-28F7A8B386E0}.Release|iPhone.Deploy.0 = Release|Any CPU
		{D8B5321C-1600-4324-9054-28F7A8B386E0}.Release|iPhoneSimulator.ActiveCfg = Release|Any CPU
		{D8B5321C-1600-4324-9054-28F7A8B386E0}.Release|iPhoneSimulator.Build.0 = Release|Any CPU
		{D8B5321C-1600-4324-9054-28F7A8B386E0}.Release|iPhoneSimulator.Deploy.0 = Release|Any CPU
	EndGlobalSection
EndGlobal
